uuid: bddc4d64-0290-4542-9e36-3756859b1625
langcode: es
status: true
dependencies: {  }
_core:
  default_config_hash: 2lo0hIx3RV2AgnE1fkdPLRQcYWGamMyouBoe2OiYk24
id: search_block
label: 'Buscador [ Block ]'
selector: ''
minChar: 3
autoSubmit: true
autoRedirect: true
maxSuggestions: 10
noResultLabel: 'No hay resultados para [search-phrase]. Haga clic para realizar una búsqueda completa.'
noResultValue: '[search-phrase].'
noResultLink: ''
moreResultsLabel: 'Ver todos los resultados [search-phrase].'
moreResultsValue: '[search-phrase].'
moreResultsLink: ''
source: 'autocompletion_callbacks_nodes::nodes_autocompletion_callback'
theme: webfinde.css
editable: true
deletable: false
